Microsoft Visual Studio Solution File, Format Version 12.00
# Visual Studio Version 17
VisualStudioVersion = 17.5.2.0
MinimumVisualStudioVersion = 10.0.40219.1
Project("{FAE04EC0-301F-11D3-BF4B-00C04F79EFBC}") = "MixOverlays", "MixOverlays.csproj", "{3A669841-AE7A-2968-7A3A-43FD197C3F4E}"
EndProject
Global
	GlobalSection(SolutionConfigurationPlatforms) = preSolution
		Debug|Any CPU = Debug|Any CPU
		Release|Any CPU = Release|Any CPU
	EndGlobalSection
	GlobalSection(ProjectConfigurationPlatforms) = postSolution
		{3A669841-AE7A-2968-7A3A-43FD197C3F4E}.Debug|Any CPU.ActiveCfg = Debug|Any CPU
		{3A669841-AE7A-2968-7A3A-43FD197C3F4E}.Debug|Any CPU.Build.0 = Debug|Any CPU
		{3A669841-AE7A-2968-7A3A-43FD197C3F4E}.Release|Any CPU.ActiveCfg = Release|Any CPU
		{3A669841-AE7A-2968-7A3A-43FD197C3F4E}.Release|Any CPU.Build.0 = Release|Any CPU
	EndGlobalSection
	GlobalSection(SolutionProperties) = preSolution
		HideSolutionNode = FALSE
	EndGlobalSection
	GlobalSection(ExtensibilityGlobals) = postSolution
		SolutionGuid = {F90EAC0F-CB15-4248-AF5E-64820BF174CF}
	EndGlobalSection
EndGlobal
